// !$*UTF8*$!
{
	archiveVersion = 1;
	classes = {
	};
	objectVersion = 50;
	objects = {

/* Begin PBXBuildFile section */
		8205CB1226917B25003F2F81 /* AppDelegate.swift in Sources */ = {isa = PBXBuildFile; fileRef = 8205CB1126917B25003F2F81 /* AppDelegate.swift */; };
		8205CB1426917B25003F2F81 /* SceneDelegate.swift in Sources */ = {isa = PBXBuildFile; fileRef = 8205CB1326917B25003F2F81 /* SceneDelegate.swift */; };
		8205CB1B26917B2A003F2F81 /* Assets.xcassets in Resources */ = {isa = PBXBuildFile; fileRef = 8205CB1A26917B2A003F2F81 /* Assets.xcassets */; };
		8205CB1E26917B2A003F2F81 /* LaunchScreen.storyboard in Resources */ = {isa = PBXBuildFile; fileRef = 8205CB1C26917B2A003F2F81 /* LaunchScreen.storyboard */; };
		8205CB2B26917CEC003F2F81 /* TimerTableViewController.swift in Sources */ = {isa = PBXBuildFile; fileRef = 8205CB2A26917CEC003F2F81 /* TimerTableViewController.swift */; };
		8205CB2E26917DDF003F2F81 /* TImerInfo.swift in Sources */ = {isa = PBXBuildFile; fileRef = 8205CB2D26917DDF003F2F81 /* TImerInfo.swift */; };
		8205CB3026917F06003F2F81 /* InfoTimerCell.swift in Sources */ = {isa = PBXBuildFile; fileRef = 8205CB2F26917F06003F2F81 /* InfoTimerCell.swift */; };
		8205CB3226917F29003F2F81 /* TimerCell.swift in Sources */ = {isa = PBXBuildFile; fileRef = 8205CB3126917F29003F2F81 /* TimerCell.swift */; };
		8205CB3626921E95003F2F81 /* Alerts.swift in Sources */ = {isa = PBXBuildFile; fileRef = 8205CB3526921E95003F2F81 /* Alerts.swift */; };
/* End PBXBuildFile section */

/* Begin PBXFileReference section */
		8205CB0E26917B25003F2F81 /* MultiTImer.app */ = {isa = PBXFileReference; explicitFileType = wrapper.application; includeInIndex = 0; path = MultiTImer.app; sourceTree = BUILT_PRODUCTS_DIR; };
		8205CB1126917B25003F2F81 /* AppDelegate.swift */ = {isa = PBXFileReference; lastKnownFileType = sourcecode.swift; path = AppDelegate.swift; sourceTree = "<group>"; };
		8205CB1326917B25003F2F81 /* SceneDelegate.swift */ = {isa = PBXFileReference; lastKnownFileType = sourcecode.swift; path = SceneDelegate.swift; sourceTree = "<group>"; };
		8205CB1A26917B2A003F2F81 /* Assets.xcassets */ = {isa = PBXFileReference; lastKnownFileType = folder.assetcatalog; path = Assets.xcassets; sourceTree = "<group>"; };
		8205CB1D26917B2A003F2F81 /* Base */ = {isa = PBXFileReference; lastKnownFileType = file.storyboard; name = Base; path = Base.lproj/LaunchScreen.storyboard; sourceTree = "<group>"; };
		8205CB1F26917B2A003F2F81 /* Info.plist */ = {isa = PBXFileReference; lastKnownFileType = text.plist.xml; path = Info.plist; sourceTree = "<group>"; };
		8205CB2A26917CEC003F2F81 /* TimerTableViewController.swift */ = {isa = PBXFileReference; lastKnownFileType = sourcecode.swift; path = TimerTableViewController.swift; sourceTree = "<group>"; };
		8205CB2D26917DDF003F2F81 /* TImerInfo.swift */ = {isa = PBXFileReference; lastKnownFileType = sourcecode.swift; path = TImerInfo.swift; sourceTree = "<group>"; };
		8205CB2F26917F06003F2F81 /* InfoTimerCell.swift */ = {isa = PBXFileReference; lastKnownFileType = sourcecode.swift; path = InfoTimerCell.swift; sourceTree = "<group>"; };
		8205CB3126917F29003F2F81 /* TimerCell.swift */ = {isa = PBXFileReference; lastKnownFileType = sourcecode.swift; path = TimerCell.swift; sourceTree = "<group>"; };
		8205CB3526921E95003F2F81 /* Alerts.swift */ = {isa = PBXFileReference; lastKnownFileType = sourcecode.swift; path = Alerts.swift; sourceTree = "<group>"; };
/* End PBXFileReference section */

/* Begin PBXFrameworksBuildPhase section */
		8205CB0B26917B25003F2F81 /* Frameworks */ = {
			isa = PBXFrameworksBuildPhase;
			buildActionMask = 2147483647;
			files = (
			);
			runOnlyForDeploymentPostprocessing = 0;
		};
/* End PBXFrameworksBuildPhase section */

/* Begin PBXGroup section */
		8205CB0526917B25003F2F81 = {
			isa = PBXGroup;
			children = (
				8205CB1026917B25003F2F81 /* MultiTImer */,
				8205CB0F26917B25003F2F81 /* Products */,
			);
			sourceTree = "<group>";
		};
		8205CB0F26917B25003F2F81 /* Products */ = {
			isa = PBXGroup;
			children = (
				8205CB0E26917B25003F2F81 /* MultiTImer.app */,
			);
			name = Products;
			sourceTree = "<group>";
		};
		8205CB1026917B25003F2F81 /* MultiTImer */ = {
			isa = PBXGroup;
			children = (
				8205CB2526917B32003F2F81 /* Application */,
				8205CB3326921E5B003F2F81 /* Extentions */,
				8205CB2C26917DCA003F2F81 /* Model */,
				8205CB2726917B6A003F2F81 /* View */,
				8205CB2626917B59003F2F81 /* SupportingFiles */,
			);
			path = MultiTImer;
			sourceTree = "<group>";
		};
		8205CB2526917B32003F2F81 /* Application */ = {
			isa = PBXGroup;
			children = (
				8205CB1126917B25003F2F81 /* AppDelegate.swift */,
				8205CB1326917B25003F2F81 /* SceneDelegate.swift */,
			);
			path = Application;
			sourceTree = "<group>";
		};
		8205CB2626917B59003F2F81 /* SupportingFiles */ = {
			isa = PBXGroup;
			children = (
				8205CB1A26917B2A003F2F81 /* Assets.xcassets */,
				8205CB1C26917B2A003F2F81 /* LaunchScreen.storyboard */,
				8205CB1F26917B2A003F2F81 /* Info.plist */,
			);
			path = SupportingFiles;
			sourceTree = "<group>";
		};
		8205CB2726917B6A003F2F81 /* View */ = {
			isa = PBXGroup;
			children = (
				8205CB2A26917CEC003F2F81 /* TimerTableViewController.swift */,
				8205CB2F26917F06003F2F81 /* InfoTimerCell.swift */,
				8205CB3126917F29003F2F81 /* TimerCell.swift */,
			);
			path = View;
			sourceTree = "<group>";
		};
		8205CB2C26917DCA003F2F81 /* Model */ = {
			isa = PBXGroup;
			children = (
				8205CB2D26917DDF003F2F81 /* TImerInfo.swift */,
			);
			path = Model;
			sourceTree = "<group>";
		};
		8205CB3326921E5B003F2F81 /* Extentions */ = {
			isa = PBXGroup;
			children = (
				8205CB3426921E69003F2F81 /* UITableViewController */,
			);
			path = Extentions;
			sourceTree = "<group>";
		};
		8205CB3426921E69003F2F81 /* UITableViewController */ = {
			isa = PBXGroup;
			children = (
				8205CB3526921E95003F2F81 /* Alerts.swift */,
			);
			path = UITableViewController;
			sourceTree = "<group>";
		};
/* End PBXGroup section */

/* Begin PBXNativeTarget section */
		8205CB0D26917B25003F2F81 /* MultiTImer */ = {
			isa = PBXNativeTarget;
			buildConfigurationList = 8205CB2226917B2A003F2F81 /* Build configuration list for PBXNativeTarget "MultiTImer" */;
			buildPhases = (
				8205CB0A26917B25003F2F81 /* Sources */,
				8205CB0B26917B25003F2F81 /* Frameworks */,
				8205CB0C26917B25003F2F81 /* Resources */,
			);
			buildRules = (
			);
			dependencies = (
			);
			name = MultiTImer;
			productName = MultiTImer;
			productReference = 8205CB0E26917B25003F2F81 /* MultiTImer.app */;
			productType = "com.apple.product-type.application";
		};
/* End PBXNativeTarget section */

/* Begin PBXProject section */
		8205CB0626917B25003F2F81 /* Project object */ = {
			isa = PBXProject;
			attributes = {
				LastSwiftUpdateCheck = 1250;
				LastUpgradeCheck = 1250;
				TargetAttributes = {
					8205CB0D26917B25003F2F81 = {
						CreatedOnToolsVersion = 12.5.1;
					};
				};
			};
			buildConfigurationList = 8205CB0926917B25003F2F81 /* Build configuration list for PBXProject "MultiTImer" */;
			compatibilityVersion = "Xcode 9.3";
			developmentRegion = en;
			hasScannedForEncodings = 0;
			knownRegions = (
				en,
				Base,
			);
			mainGroup = 8205CB0526917B25003F2F81;
			productRefGroup = 8205CB0F26917B25003F2F81 /* Products */;
			projectDirPath = "";
			projectRoot = "";
			targets = (
				8205CB0D26917B25003F2F81 /* MultiTImer */,
			);
		};
/* End PBXProject section */

/* Begin PBXResourcesBuildPhase section */
		8205CB0C26917B25003F2F81 /* Resources */ = {
			isa = PBXResourcesBuildPhase;
			buildActionMask = 2147483647;
			files = (
				8205CB1E26917B2A003F2F81 /* LaunchScreen.storyboard in Resources */,
				8205CB1B26917B2A003F2F81 /* Assets.xcassets in Resources */,
			);
			runOnlyForDeploymentPostprocessing = 0;
		};
/* End PBXResourcesBuildPhase section */

/* Begin PBXSourcesBuildPhase section */
		8205CB0A26917B25003F2F81 /* Sources */ = {
			isa = PBXSourcesBuildPhase;
			buildActionMask = 2147483647;
			files = (
				8205CB3026917F06003F2F81 /* InfoTimerCell.swift in Sources */,
				8205CB2B26917CEC003F2F81 /* TimerTableViewController.swift in Sources */,
				8205CB1226917B25003F2F81 /* AppDelegate.swift in Sources */,
				8205CB1426917B25003F2F81 /* SceneDelegate.swift in Sources */,
				8205CB3626921E95003F2F81 /* Alerts.swift in Sources */,
				8205CB2E26917DDF003F2F81 /* TImerInfo.swift in Sources */,
				8205CB3226917F29003F2F81 /* TimerCell.swift in Sources */,
			);
			runOnlyForDeploymentPostprocessing = 0;
		};
/* End PBXSourcesBuildPhase section */

/* Begin PBXVariantGroup section */
		8205CB1C26917B2A003F2F81 /* LaunchScreen.storyboard */ = {
			isa = PBXVariantGroup;
			children = (
				8205CB1D26917B2A003F2F81 /* Base */,
			);
			name = LaunchScreen.storyboard;
			sourceTree = "<group>";
		};
/* End PBXVariantGroup section */

/* Begin XCBuildConfiguration section */
		8205CB2026917B2A003F2F81 /* Debug */ = {
			isa = XCBuildConfiguration;
			buildSettings = {
				ALWAYS_SEARCH_USER_PATHS = NO;
				CLANG_ANALYZER_NONNULL = YES;
				CLANG_ANALYZER_NUMBER_OBJECT_CONVERSION = YES_AGGRESSIVE;
				CLANG_CXX_LANGUAGE_STANDARD = "gnu++14";
				CLANG_CXX_LIBRARY = "libc++";
				CLANG_ENABLE_MODULES = YES;
				CLANG_ENABLE_OBJC_ARC = YES;
				CLANG_ENABLE_OBJC_WEAK = YES;
				CLANG_WARN_BLOCK_CAPTURE_AUTORELEASING = YES;
				CLANG_WARN_BOOL_CONVERSION = YES;
				CLANG_WARN_COMMA = YES;
				CLANG_WARN_CONSTANT_CONVERSION = YES;
				CLANG_WARN_DEPRECATED_OBJC_IMPLEMENTATIONS = YES;
				CLANG_WARN_DIRECT_OBJC_ISA_USAGE = YES_ERROR;
				CLANG_WARN_DOCUMENTATION_COMMENTS = YES;
				CLANG_WARN_EMPTY_BODY = YES;
				CLANG_WARN_ENUM_CONVERSION = YES;
				CLANG_WARN_INFINITE_RECURSION = YES;
				CLANG_WARN_INT_CONVERSION = YES;
				CLANG_WARN_NON_LITERAL_NULL_CONVERSION = YES;
				CLANG_WARN_OBJC_IMPLICIT_RETAIN_SELF = YES;
				CLANG_WARN_OBJC_LITERAL_CONVERSION = YES;
				CLANG_WARN_OBJC_ROOT_CLASS = YES_ERROR;
				CLANG_WARN_QUOTED_INCLUDE_IN_FRAMEWORK_HEADER = YES;
				CLANG_WARN_RANGE_LOOP_ANALYSIS = YES;
				CLANG_WARN_STRICT_PROTOTYPES = YES;
				CLANG_WARN_SUSPICIOUS_MOVE = YES;
				CLANG_WARN_UNGUARDED_AVAILABILITY = YES_AGGRESSIVE;
				CLANG_WARN_UNREACHABLE_CODE = YES;
				CLANG_WARN__DUPLICATE_METHOD_MATCH = YES;
				COPY_PHASE_STRIP = NO;
				DEBUG_INFORMATION_FORMAT = dwarf;
				ENABLE_STRICT_OBJC_MSGSEND = YES;
				ENABLE_TESTABILITY = YES;
				GCC_C_LANGUAGE_STANDARD = gnu11;
				GCC_DYNAMIC_NO_PIC = NO;
				GCC_NO_COMMON_BLOCKS = YES;
				GCC_OPTIMIZATION_LEVEL = 0;
				GCC_PREPROCESSOR_DEFINITIONS = (
					"DEBUG=1",
					"$(inherited)",
				);
				GCC_WARN_64_TO_32_BIT_CONVERSION = YES;
				GCC_WARN_ABOUT_RETURN_TYPE = YES_ERROR;
				GCC_WARN_UNDECLARED_SELECTOR = YES;
				GCC_WARN_UNINITIALIZED_AUTOS = YES_AGGRESSIVE;
				GCC_WARN_UNUSED_FUNCTION = YES;
				GCC_WARN_UNUSED_VARIABLE = YES;
				IPHONEOS_DEPLOYMENT_TARGET = 14.5;
				MTL_ENABLE_DEBUG_INFO = INCLUDE_SOURCE;
				MTL_FAST_MATH = YES;
				ONLY_ACTIVE_ARCH = YES;
				SDKROOT = iphoneos;
				SWIFT_ACTIVE_COMPILATION_CONDITIONS = DEBUG;
				SWIFT_OPTIMIZATION_LEVEL = "-Onone";
			};
			name = Debug;
		};
		8205CB2126917B2A003F2F81 /* Release */ = {
			isa = XCBuildConfiguration;
			buildSettings = {
				ALWAYS_SEARCH_USER_PATHS = NO;
				CLANG_ANALYZER_NONNULL = YES;
				CLANG_ANALYZER_NUMBER_OBJECT_CONVERSION = YES_AGGRESSIVE;
				CLANG_CXX_LANGUAGE_STANDARD = "gnu++14";
				CLANG_CXX_LIBRARY = "libc++";
				CLANG_ENABLE_MODULES = YES;
				CLANG_ENABLE_OBJC_ARC = YES;
				CLANG_ENABLE_OBJC_WEAK = YES;
				CLANG_WARN_BLOCK_CAPTURE_AUTORELEASING = YES;
				CLANG_WARN_BOOL_CONVERSION = YES;
				CLANG_WARN_COMMA = YES;
				CLANG_WARN_CONSTANT_CONVERSION = YES;
				CLANG_WARN_DEPRECATED_OBJC_IMPLEMENTATIONS = YES;
				CLANG_WARN_DIRECT_OBJC_ISA_USAGE = YES_ERROR;
				CLANG_WARN_DOCUMENTATION_COMMENTS = YES;
				CLANG_WARN_EMPTY_BODY = YES;
				CLANG_WARN_ENUM_CONVERSION = YES;
				CLANG_WARN_INFINITE_RECURSION = YES;
				CLANG_WARN_INT_CONVERSION = YES;
				CLANG_WARN_NON_LITERAL_NULL_CONVERSION = YES;
				CLANG_WARN_OBJC_IMPLICIT_RETAIN_SELF = YES;
				CLANG_WARN_OBJC_LITERAL_CONVERSION = YES;
				CLANG_WARN_OBJC_ROOT_CLASS = YES_ERROR;
				CLANG_WARN_QUOTED_INCLUDE_IN_FRAMEWORK_HEADER = YES;
				CLANG_WARN_RANGE_LOOP_ANALYSIS = YES;
				CLANG_WARN_STRICT_PROTOTYPES = YES;
				CLANG_WARN_SUSPICIOUS_MOVE = YES;
				CLANG_WARN_UNGUARDED_AVAILABILITY = YES_AGGRESSIVE;
				CLANG_WARN_UNREACHABLE_CODE = YES;
				CLANG_WARN__DUPLICATE_METHOD_MATCH = YES;
				COPY_PHASE_STRIP = NO;
				DEBUG_INFORMATION_FORMAT = "dwarf-with-dsym";
				ENABLE_NS_ASSERTIONS = NO;
				ENABLE_STRICT_OBJC_MSGSEND = YES;
				GCC_C_LANGUAGE_STANDARD = gnu11;
				GCC_NO_COMMON_BLOCKS = YES;
				GCC_WARN_64_TO_32_BIT_CONVERSION = YES;
				GCC_WARN_ABOUT_RETURN_TYPE = YES_ERROR;
				GCC_WARN_UNDECLARED_SELECTOR = YES;
				GCC_WARN_UNINITIALIZED_AUTOS = YES_AGGRESSIVE;
				GCC_WARN_UNUSED_FUNCTION = YES;
				GCC_WARN_UNUSED_VARIABLE = YES;
				IPHONEOS_DEPLOYMENT_TARGET = 14.5;
				MTL_ENABLE_DEBUG_INFO = NO;
				MTL_FAST_MATH = YES;
				SDKROOT = iphoneos;
				SWIFT_COMPILATION_MODE = wholemodule;
				SWIFT_OPTIMIZATION_LEVEL = "-O";
				VALIDATE_PRODUCT = YES;
			};
			name = Release;
		};
		8205CB2326917B2A003F2F81 /* Debug */ = {
			isa = XCBuildConfiguration;
			buildSettings = {
				ASSETCATALOG_COMPILER_APPICON_NAME = AppIcon;
				ASSETCATALOG_COMPILER_GLOBAL_ACCENT_COLOR_NAME = AccentColor;
				CODE_SIGN_STYLE = Automatic;
				DEVELOPMENT_TEAM = U5C93MBV7Q;
				INFOPLIST_FILE = MultiTImer/SupportingFiles/Info.plist;
				LD_RUNPATH_SEARCH_PATHS = (
					"$(inherited)",
					"@executable_path/Frameworks",
				);
				PRODUCT_BUNDLE_IDENTIFIER = Ivan.MultiTImer;
				PRODUCT_NAME = "$(TARGET_NAME)";
				SWIFT_VERSION = 5.0;
				TARGETED_DEVICE_FAMILY = 1;
			};
			name = Debug;
		};
		8205CB2426917B2A003F2F81 /* Release */ = {
			isa = XCBuildConfiguration;
			buildSettings = {
				ASSETCATALOG_COMPILER_APPICON_NAME = AppIcon;
				ASSETCATALOG_COMPILER_GLOBAL_ACCENT_COLOR_NAME = AccentColor;
				CODE_SIGN_STYLE = Automatic;
				DEVELOPMENT_TEAM = U5C93MBV7Q;
				INFOPLIST_FILE = MultiTImer/SupportingFiles/Info.plist;
				LD_RUNPATH_SEARCH_PATHS = (
					"$(inherited)",
					"@executable_path/Frameworks",
				);
				PRODUCT_BUNDLE_IDENTIFIER = Ivan.MultiTImer;
				PRODUCT_NAME = "$(TARGET_NAME)";
				SWIFT_VERSION = 5.0;
				TARGETED_DEVICE_FAMILY = 1;
			};
			name = Release;
		};
/* End XCBuildConfiguration section */

/* Begin XCConfigurationList section */
		8205CB0926917B25003F2F81 /* Build configuration list for PBXProject "MultiTImer" */ = {
			isa = XCConfigurationList;
			buildConfigurations = (
				8205CB2026917B2A003F2F81 /* Debug */,
				8205CB2126917B2A003F2F81 /* Release */,
			);
			defaultConfigurationIsVisible = 0;
			defaultConfigurationName = Release;
		};
		8205CB2226917B2A003F2F81 /* Build configuration list for PBXNativeTarget "MultiTImer" */ = {
			isa = XCConfigurationList;
			buildConfigurations = (
				8205CB2326917B2A003F2F81 /* Debug */,
				8205CB2426917B2A003F2F81 /* Release */,
			);
			defaultConfigurationIsVisible = 0;
			defaultConfigurationName = Release;
		};
/* End XCConfigurationList section */
	};
	rootObject = 8205CB0626917B25003F2F81 /* Project object */;
}
